
Microsoft Visual Studio Solution File, Format Version 12.00
# Visual Studio Version 17
VisualStudioVersion = 17.9.34701.34
MinimumVisualStudioVersion = 10.0.40219.1
Project("{9A19103F-16F7-4668-BE54-9A1E7A4F7556}") = "TransformationConnector", "TransformationConnector\TransformationConnector.csproj", "{7E94897C-FA6A-44C9-8191-DD1C2C9CE7CC}"
EndProject
Project("{2150E333-8FDC-42A3-9474-1A3956D46DE8}") = "Solution Items", "Solution Items", "{B082CE0A-5917-4A22-84A0-BE2A2B95EF2D}"
	ProjectSection(SolutionItems) = preProject
		Directory.build.props = Directory.build.props
		Directory.Build.targets = Directory.Build.targets
		Directory.Packages.props = Directory.Packages.props
		nuget.config = nuget.config
		README.md = README.md
	EndProjectSection
EndProject
Global
	GlobalSection(SolutionConfigurationPlatforms) = preSolution
		Debug|Any CPU = Debug|Any CPU
		Release|Any CPU = Release|Any CPU
	EndGlobalSection
	GlobalSection(ProjectConfigurationPlatforms) = postSolution
		{7E94897C-FA6A-44C9-8191-DD1C2C9CE7CC}.Debug|Any CPU.ActiveCfg = Debug|Any CPU
		{7E94897C-FA6A-44C9-8191-DD1C2C9CE7CC}.Debug|Any CPU.Build.0 = Debug|Any CPU
		{7E94897C-FA6A-44C9-8191-DD1C2C9CE7CC}.Release|Any CPU.ActiveCfg = Release|Any CPU
		{7E94897C-FA6A-44C9-8191-DD1C2C9CE7CC}.Release|Any CPU.Build.0 = Release|Any CPU
	EndGlobalSection
	GlobalSection(SolutionProperties) = preSolution
		HideSolutionNode = FALSE
	EndGlobalSection
	GlobalSection(ExtensibilityGlobals) = postSolution
		SolutionGuid = {155208C2-BDC7-45AF-A744-07FFF104EB25}
	EndGlobalSection
EndGlobal
